
Microsoft Visual Studio Solution File, Format Version 12.00
# Visual Studio Version 17
VisualStudioVersion = 17.0.31903.59
MinimumVisualStudioVersion = 10.0.40219.1
Project("{2150E333-8FDC-42A3-9474-1A3956D46DE8}") = "src", "src", "{827E0CD3-B72D-47B6-A68D-7590B98EB39B}"
EndProject
Project("{2150E333-8FDC-42A3-9474-1A3956D46DE8}") = "UsersService", "UsersService", "{A024EC37-967E-70DB-4828-DAA22AD1755C}"
EndProject
Project("{FAE04EC0-301F-11D3-BF4B-00C04F79EFBC}") = "UsersService.Api", "src\UsersService\UsersService.Api\UsersService.Api.csproj", "{1672846B-FFED-4A46-ABC6-8733D142FE10}"
EndProject
Project("{FAE04EC0-301F-11D3-BF4B-00C04F79EFBC}") = "UsersService.Application", "src\UsersService\UsersService.Application\UsersService.Application.csproj", "{17681B34-7C27-4DED-8173-2AD1F08933FD}"
EndProject
Project("{FAE04EC0-301F-11D3-BF4B-00C04F79EFBC}") = "UsersService.Domain", "src\UsersService\UsersService.Domain\UsersService.Domain.csproj", "{B2B9A0BC-37FF-466A-AE54-FA3D5445A585}"
EndProject
Project("{FAE04EC0-301F-11D3-BF4B-00C04F79EFBC}") = "UsersService.Infrastructure", "src\UsersService\UsersService.Infrastructure\UsersService.Infrastructure.csproj", "{25A0F633-352D-474D-ADD4-2D4F71FA498D}"
EndProject
Project("{2150E333-8FDC-42A3-9474-1A3956D46DE8}") = "CoreService", "CoreService", "{A1E56A53-394C-4EFF-A7A4-0D0978857D41}"
EndProject
Project("{FAE04EC0-301F-11D3-BF4B-00C04F79EFBC}") = "CoreService.Api", "src\CoreService\CoreService.Api\CoreService.Api.csproj", "{4085F349-0790-4DCD-81C9-C605B6275DC8}"
EndProject
Project("{FAE04EC0-301F-11D3-BF4B-00C04F79EFBC}") = "CoreService.Application", "src\CoreService\CoreService.Application\CoreService.Application.csproj", "{73393530-25EE-4D55-9EAC-80BC851F4A64}"
EndProject
Project("{FAE04EC0-301F-11D3-BF4B-00C04F79EFBC}") = "CoreService.Infrastructure", "src\CoreService\CoreService.Infrastructure\CoreService.Infrastructure.csproj", "{28642245-B99F-4691-AE0E-DB160C00FB03}"
EndProject
Project("{FAE04EC0-301F-11D3-BF4B-00C04F79EFBC}") = "CoreService.Domain", "src\CoreService\CoreService.Domain\CoreService.Domain.csproj", "{02065728-AB26-45D0-BD6B-A737EFADF819}"
EndProject
Global
	GlobalSection(SolutionConfigurationPlatforms) = preSolution
		Debug|Any CPU = Debug|Any CPU
		Debug|x64 = Debug|x64
		Debug|x86 = Debug|x86
		Release|Any CPU = Release|Any CPU
		Release|x64 = Release|x64
		Release|x86 = Release|x86
	EndGlobalSection
	GlobalSection(ProjectConfigurationPlatforms) = postSolution
		{1672846B-FFED-4A46-ABC6-8733D142FE10}.Debug|Any CPU.ActiveCfg = Debug|Any CPU
		{1672846B-FFED-4A46-ABC6-8733D142FE10}.Debug|Any CPU.Build.0 = Debug|Any CPU
		{1672846B-FFED-4A46-ABC6-8733D142FE10}.Debug|x64.ActiveCfg = Debug|Any CPU
		{1672846B-FFED-4A46-ABC6-8733D142FE10}.Debug|x64.Build.0 = Debug|Any CPU
		{1672846B-FFED-4A46-ABC6-8733D142FE10}.Debug|x86.ActiveCfg = Debug|Any CPU
		{1672846B-FFED-4A46-ABC6-8733D142FE10}.Debug|x86.Build.0 = Debug|Any CPU
		{1672846B-FFED-4A46-ABC6-8733D142FE10}.Release|Any CPU.ActiveCfg = Release|Any CPU
		{1672846B-FFED-4A46-ABC6-8733D142FE10}.Release|Any CPU.Build.0 = Release|Any CPU
		{1672846B-FFED-4A46-ABC6-8733D142FE10}.Release|x64.ActiveCfg = Release|Any CPU
		{1672846B-FFED-4A46-ABC6-8733D142FE10}.Release|x64.Build.0 = Release|Any CPU
		{1672846B-FFED-4A46-ABC6-8733D142FE10}.Release|x86.ActiveCfg = Release|Any CPU
		{1672846B-FFED-4A46-ABC6-8733D142FE10}.Release|x86.Build.0 = Release|Any CPU
		{17681B34-7C27-4DED-8173-2AD1F08933FD}.Debug|Any CPU.ActiveCfg = Debug|Any CPU
		{17681B34-7C27-4DED-8173-2AD1F08933FD}.Debug|Any CPU.Build.0 = Debug|Any CPU
		{17681B34-7C27-4DED-8173-2AD1F08933FD}.Debug|x64.ActiveCfg = Debug|Any CPU
		{17681B34-7C27-4DED-8173-2AD1F08933FD}.Debug|x64.Build.0 = Debug|Any CPU
		{17681B34-7C27-4DED-8173-2AD1F08933FD}.Debug|x86.ActiveCfg = Debug|Any CPU
		{17681B34-7C27-4DED-8173-2AD1F08933FD}.Debug|x86.Build.0 = Debug|Any CPU
		{17681B34-7C27-4DED-8173-2AD1F08933FD}.Release|Any CPU.ActiveCfg = Release|Any CPU
		{17681B34-7C27-4DED-8173-2AD1F08933FD}.Release|Any CPU.Build.0 = Release|Any CPU
		{17681B34-7C27-4DED-8173-2AD1F08933FD}.Release|x64.ActiveCfg = Release|Any CPU
		{17681B34-7C27-4DED-8173-2AD1F08933FD}.Release|x64.Build.0 = Release|Any CPU
		{17681B34-7C27-4DED-8173-2AD1F08933FD}.Release|x86.ActiveCfg = Release|Any CPU
		{17681B34-7C27-4DED-8173-2AD1F08933FD}.Release|x86.Build.0 = Release|Any CPU
		{B2B9A0BC-37FF-466A-AE54-FA3D5445A585}.Debug|Any CPU.ActiveCfg = Debug|Any CPU
		{B2B9A0BC-37FF-466A-AE54-FA3D5445A585}.Debug|Any CPU.Build.0 = Debug|Any CPU
		{B2B9A0BC-37FF-466A-AE54-FA3D5445A585}.Debug|x64.ActiveCfg = Debug|Any CPU
		{B2B9A0BC-37FF-466A-AE54-FA3D5445A585}.Debug|x64.Build.0 = Debug|Any CPU
		{B2B9A0BC-37FF-466A-AE54-FA3D5445A585}.Debug|x86.ActiveCfg = Debug|Any CPU
		{B2B9A0BC-37FF-466A-AE54-FA3D5445A585}.Debug|x86.Build.0 = Debug|Any CPU
		{B2B9A0BC-37FF-466A-AE54-FA3D5445A585}.Release|Any CPU.ActiveCfg = Release|Any CPU
		{B2B9A0BC-37FF-466A-AE54-FA3D5445A585}.Release|Any CPU.Build.0 = Release|Any CPU
		{B2B9A0BC-37FF-466A-AE54-FA3D5445A585}.Release|x64.ActiveCfg = Release|Any CPU
		{B2B9A0BC-37FF-466A-AE54-FA3D5445A585}.Release|x64.Build.0 = Release|Any CPU
		{B2B9A0BC-37FF-466A-AE54-FA3D5445A585}.Release|x86.ActiveCfg = Release|Any CPU
		{B2B9A0BC-37FF-466A-AE54-FA3D5445A585}.Release|x86.Build.0 = Release|Any CPU
		{25A0F633-352D-474D-ADD4-2D4F71FA498D}.Debug|Any CPU.ActiveCfg = Debug|Any CPU
		{25A0F633-352D-474D-ADD4-2D4F71FA498D}.Debug|Any CPU.Build.0 = Debug|Any CPU
		{25A0F633-352D-474D-ADD4-2D4F71FA498D}.Debug|x64.ActiveCfg = Debug|Any CPU
		{25A0F633-352D-474D-ADD4-2D4F71FA498D}.Debug|x64.Build.0 = Debug|Any CPU
		{25A0F633-352D-474D-ADD4-2D4F71FA498D}.Debug|x86.ActiveCfg = Debug|Any CPU
		{25A0F633-352D-474D-ADD4-2D4F71FA498D}.Debug|x86.Build.0 = Debug|Any CPU
		{25A0F633-352D-474D-ADD4-2D4F71FA498D}.Release|Any CPU.ActiveCfg = Release|Any CPU
		{25A0F633-352D-474D-ADD4-2D4F71FA498D}.Release|Any CPU.Build.0 = Release|Any CPU
		{25A0F633-352D-474D-ADD4-2D4F71FA498D}.Release|x64.ActiveCfg = Release|Any CPU
		{25A0F633-352D-474D-ADD4-2D4F71FA498D}.Release|x64.Build.0 = Release|Any CPU
		{25A0F633-352D-474D-ADD4-2D4F71FA498D}.Release|x86.ActiveCfg = Release|Any CPU
		{25A0F633-352D-474D-ADD4-2D4F71FA498D}.Release|x86.Build.0 = Release|Any CPU
		{4085F349-0790-4DCD-81C9-C605B6275DC8}.Debug|Any CPU.ActiveCfg = Debug|Any CPU
		{4085F349-0790-4DCD-81C9-C605B6275DC8}.Debug|Any CPU.Build.0 = Debug|Any CPU
		{4085F349-0790-4DCD-81C9-C605B6275DC8}.Debug|x64.ActiveCfg = Debug|Any CPU
		{4085F349-0790-4DCD-81C9-C605B6275DC8}.Debug|x64.Build.0 = Debug|Any CPU
		{4085F349-0790-4DCD-81C9-C605B6275DC8}.Debug|x86.ActiveCfg = Debug|Any CPU
		{4085F349-0790-4DCD-81C9-C605B6275DC8}.Debug|x86.Build.0 = Debug|Any CPU
		{4085F349-0790-4DCD-81C9-C605B6275DC8}.Release|Any CPU.ActiveCfg = Release|Any CPU
		{4085F349-0790-4DCD-81C9-C605B6275DC8}.Release|Any CPU.Build.0 = Release|Any CPU
		{4085F349-0790-4DCD-81C9-C605B6275DC8}.Release|x64.ActiveCfg = Release|Any CPU
		{4085F349-0790-4DCD-81C9-C605B6275DC8}.Release|x64.Build.0 = Release|Any CPU
		{4085F349-0790-4DCD-81C9-C605B6275DC8}.Release|x86.ActiveCfg = Release|Any CPU
		{4085F349-0790-4DCD-81C9-C605B6275DC8}.Release|x86.Build.0 = Release|Any CPU
		{73393530-25EE-4D55-9EAC-80BC851F4A64}.Debug|Any CPU.ActiveCfg = Debug|Any CPU
		{73393530-25EE-4D55-9EAC-80BC851F4A64}.Debug|Any CPU.Build.0 = Debug|Any CPU
		{73393530-25EE-4D55-9EAC-80BC851F4A64}.Debug|x64.ActiveCfg = Debug|Any CPU
		{73393530-25EE-4D55-9EAC-80BC851F4A64}.Debug|x64.Build.0 = Debug|Any CPU
		{73393530-25EE-4D55-9EAC-80BC851F4A64}.Debug|x86.ActiveCfg = Debug|Any CPU
		{73393530-25EE-4D55-9EAC-80BC851F4A64}.Debug|x86.Build.0 = Debug|Any CPU
		{73393530-25EE-4D55-9EAC-80BC851F4A64}.Release|Any CPU.ActiveCfg = Release|Any CPU
		{73393530-25EE-4D55-9EAC-80BC851F4A64}.Release|Any CPU.Build.0 = Release|Any CPU
		{73393530-25EE-4D55-9EAC-80BC851F4A64}.Release|x64.ActiveCfg = Release|Any CPU
		{73393530-25EE-4D55-9EAC-80BC851F4A64}.Release|x64.Build.0 = Release|Any CPU
		{73393530-25EE-4D55-9EAC-80BC851F4A64}.Release|x86.ActiveCfg = Release|Any CPU
		{73393530-25EE-4D55-9EAC-80BC851F4A64}.Release|x86.Build.0 = Release|Any CPU
		{28642245-B99F-4691-AE0E-DB160C00FB03}.Debug|Any CPU.ActiveCfg = Debug|Any CPU
		{28642245-B99F-4691-AE0E-DB160C00FB03}.Debug|Any CPU.Build.0 = Debug|Any CPU
		{28642245-B99F-4691-AE0E-DB160C00FB03}.Debug|x64.ActiveCfg = Debug|Any CPU
		{28642245-B99F-4691-AE0E-DB160C00FB03}.Debug|x64.Build.0 = Debug|Any CPU
		{28642245-B99F-4691-AE0E-DB160C00FB03}.Debug|x86.ActiveCfg = Debug|Any CPU
		{28642245-B99F-4691-AE0E-DB160C00FB03}.Debug|x86.Build.0 = Debug|Any CPU
		{28642245-B99F-4691-AE0E-DB160C00FB03}.Release|Any CPU.ActiveCfg = Release|Any CPU
		{28642245-B99F-4691-AE0E-DB160C00FB03}.Release|Any CPU.Build.0 = Release|Any CPU
		{28642245-B99F-4691-AE0E-DB160C00FB03}.Release|x64.ActiveCfg = Release|Any CPU
		{28642245-B99F-4691-AE0E-DB160C00FB03}.Release|x64.Build.0 = Release|Any CPU
		{28642245-B99F-4691-AE0E-DB160C00FB03}.Release|x86.ActiveCfg = Release|Any CPU
		{28642245-B99F-4691-AE0E-DB160C00FB03}.Release|x86.Build.0 = Release|Any CPU
		{02065728-AB26-45D0-BD6B-A737EFADF819}.Debug|Any CPU.ActiveCfg = Debug|Any CPU
		{02065728-AB26-45D0-BD6B-A737EFADF819}.Debug|Any CPU.Build.0 = Debug|Any CPU
		{02065728-AB26-45D0-BD6B-A737EFADF819}.Debug|x64.ActiveCfg = Debug|Any CPU
		{02065728-AB26-45D0-BD6B-A737EFADF819}.Debug|x64.Build.0 = Debug|Any CPU
		{02065728-AB26-45D0-BD6B-A737EFADF819}.Debug|x86.ActiveCfg = Debug|Any CPU
		{02065728-AB26-45D0-BD6B-A737EFADF819}.Debug|x86.Build.0 = Debug|Any CPU
		{02065728-AB26-45D0-BD6B-A737EFADF819}.Release|Any CPU.ActiveCfg = Release|Any CPU
		{02065728-AB26-45D0-BD6B-A737EFADF819}.Release|Any CPU.Build.0 = Release|Any CPU
		{02065728-AB26-45D0-BD6B-A737EFADF819}.Release|x64.ActiveCfg = Release|Any CPU
		{02065728-AB26-45D0-BD6B-A737EFADF819}.Release|x64.Build.0 = Release|Any CPU
		{02065728-AB26-45D0-BD6B-A737EFADF819}.Release|x86.ActiveCfg = Release|Any CPU
		{02065728-AB26-45D0-BD6B-A737EFADF819}.Release|x86.Build.0 = Release|Any CPU
	EndGlobalSection
	GlobalSection(SolutionProperties) = preSolution
		HideSolutionNode = FALSE
	EndGlobalSection
	GlobalSection(NestedProjects) = preSolution
		{A024EC37-967E-70DB-4828-DAA22AD1755C} = {827E0CD3-B72D-47B6-A68D-7590B98EB39B}
		{1672846B-FFED-4A46-ABC6-8733D142FE10} = {A024EC37-967E-70DB-4828-DAA22AD1755C}
		{17681B34-7C27-4DED-8173-2AD1F08933FD} = {A024EC37-967E-70DB-4828-DAA22AD1755C}
		{B2B9A0BC-37FF-466A-AE54-FA3D5445A585} = {A024EC37-967E-70DB-4828-DAA22AD1755C}
		{25A0F633-352D-474D-ADD4-2D4F71FA498D} = {A024EC37-967E-70DB-4828-DAA22AD1755C}
		{A1E56A53-394C-4EFF-A7A4-0D0978857D41} = {827E0CD3-B72D-47B6-A68D-7590B98EB39B}
		{4085F349-0790-4DCD-81C9-C605B6275DC8} = {A1E56A53-394C-4EFF-A7A4-0D0978857D41}
		{73393530-25EE-4D55-9EAC-80BC851F4A64} = {A1E56A53-394C-4EFF-A7A4-0D0978857D41}
		{28642245-B99F-4691-AE0E-DB160C00FB03} = {A1E56A53-394C-4EFF-A7A4-0D0978857D41}
		{02065728-AB26-45D0-BD6B-A737EFADF819} = {A1E56A53-394C-4EFF-A7A4-0D0978857D41}
	EndGlobalSection
EndGlobal
